
Microsoft Visual Studio Solution File, Format Version 12.00
# Visual Studio Version 17
VisualStudioVersion = 17.14.36127.28 d17.14
MinimumVisualStudioVersion = 10.0.40219.1
Project("{FAE04EC0-301F-11D3-BF4B-00C04F79EFBC}") = "08_pipe", "08_pipe\08_pipe.csproj", "{3138BED8-A1FB-4AF8-ABFE-9D953D99A0AD}"
EndProject
Global
	GlobalSection(SolutionConfigurationPlatforms) = preSolution
		Debug|Any CPU = Debug|Any CPU
		Release|Any CPU = Release|Any CPU
	EndGlobalSection
	GlobalSection(ProjectConfigurationPlatforms) = postSolution
		{3138BED8-A1FB-4AF8-ABFE-9D953D99A0AD}.Debug|Any CPU.ActiveCfg = Debug|Any CPU
		{3138BED8-A1FB-4AF8-ABFE-9D953D99A0AD}.Debug|Any CPU.Build.0 = Debug|Any CPU
		{3138BED8-A1FB-4AF8-ABFE-9D953D99A0AD}.Release|Any CPU.ActiveCfg = Release|Any CPU
		{3138BED8-A1FB-4AF8-ABFE-9D953D99A0AD}.Release|Any CPU.Build.0 = Release|Any CPU
	EndGlobalSection
	GlobalSection(SolutionProperties) = preSolution
		HideSolutionNode = FALSE
	EndGlobalSection
	GlobalSection(ExtensibilityGlobals) = postSolution
		SolutionGuid = {C0D4308F-FC87-438D-92E7-B19767AC893C}
	EndGlobalSection
EndGlobal
