
Microsoft Visual Studio Solution File, Format Version 12.00
# Visual Studio Version 17
VisualStudioVersion = 17.14.36127.28 d17.14
MinimumVisualStudioVersion = 10.0.40219.1
Project("{FAE04EC0-301F-11D3-BF4B-00C04F79EFBC}") = "03_pr_gallery", "03_pr_gallery\03_pr_gallery.csproj", "{B2E4B2A2-BF73-44B2-9E5A-B80F5105CB2C}"
EndProject
Global
	GlobalSection(SolutionConfigurationPlatforms) = preSolution
		Debug|Any CPU = Debug|Any CPU
		Release|Any CPU = Release|Any CPU
	EndGlobalSection
	GlobalSection(ProjectConfigurationPlatforms) = postSolution
		{B2E4B2A2-BF73-44B2-9E5A-B80F5105CB2C}.Debug|Any CPU.ActiveCfg = Debug|Any CPU
		{B2E4B2A2-BF73-44B2-9E5A-B80F5105CB2C}.Debug|Any CPU.Build.0 = Debug|Any CPU
		{B2E4B2A2-BF73-44B2-9E5A-B80F5105CB2C}.Release|Any CPU.ActiveCfg = Release|Any CPU
		{B2E4B2A2-BF73-44B2-9E5A-B80F5105CB2C}.Release|Any CPU.Build.0 = Release|Any CPU
	EndGlobalSection
	GlobalSection(SolutionProperties) = preSolution
		HideSolutionNode = FALSE
	EndGlobalSection
	GlobalSection(ExtensibilityGlobals) = postSolution
		SolutionGuid = {2919325E-177C-4639-B80C-0F1A71FF475F}
	EndGlobalSection
EndGlobal
