
Microsoft Visual Studio Solution File, Format Version 12.00
# Visual Studio Version 17
VisualStudioVersion = 17.14.36127.28
MinimumVisualStudioVersion = 10.0.40219.1
Project("{FAE04EC0-301F-11D3-BF4B-00C04F79EFBC}") = "01_cookie_auth", "01_cookie_auth\01_cookie_auth.csproj", "{0408CF81-B3C0-4667-A174-E02F44657562}"
EndProject
Project("{FAE04EC0-301F-11D3-BF4B-00C04F79EFBC}") = "02_jwt_auth", "02_jwt_auth\02_jwt_auth.csproj", "{69A340EC-FE73-49F4-A8F7-EB12396B28FA}"
EndProject
Global
	GlobalSection(SolutionConfigurationPlatforms) = preSolution
		Debug|Any CPU = Debug|Any CPU
		Release|Any CPU = Release|Any CPU
	EndGlobalSection
	GlobalSection(ProjectConfigurationPlatforms) = postSolution
		{0408CF81-B3C0-4667-A174-E02F44657562}.Debug|Any CPU.ActiveCfg = Debug|Any CPU
		{0408CF81-B3C0-4667-A174-E02F44657562}.Debug|Any CPU.Build.0 = Debug|Any CPU
		{0408CF81-B3C0-4667-A174-E02F44657562}.Release|Any CPU.ActiveCfg = Release|Any CPU
		{0408CF81-B3C0-4667-A174-E02F44657562}.Release|Any CPU.Build.0 = Release|Any CPU
		{69A340EC-FE73-49F4-A8F7-EB12396B28FA}.Debug|Any CPU.ActiveCfg = Debug|Any CPU
		{69A340EC-FE73-49F4-A8F7-EB12396B28FA}.Debug|Any CPU.Build.0 = Debug|Any CPU
		{69A340EC-FE73-49F4-A8F7-EB12396B28FA}.Release|Any CPU.ActiveCfg = Release|Any CPU
		{69A340EC-FE73-49F4-A8F7-EB12396B28FA}.Release|Any CPU.Build.0 = Release|Any CPU
	EndGlobalSection
	GlobalSection(SolutionProperties) = preSolution
		HideSolutionNode = FALSE
	EndGlobalSection
	GlobalSection(ExtensibilityGlobals) = postSolution
		SolutionGuid = {E4FBD128-C447-4ACF-A116-344E0A62F2D4}
	EndGlobalSection
EndGlobal
