
Microsoft Visual Studio Solution File, Format Version 12.00
# Visual Studio Version 17
VisualStudioVersion = 17.14.36127.28 d17.14
MinimumVisualStudioVersion = 10.0.40219.1
Project("{FAE04EC0-301F-11D3-BF4B-00C04F79EFBC}") = "15_static_files", "15_static_files\15_static_files.csproj", "{B49073C2-07D9-4055-8518-0EF81104AF60}"
EndProject
Global
	GlobalSection(SolutionConfigurationPlatforms) = preSolution
		Debug|Any CPU = Debug|Any CPU
		Release|Any CPU = Release|Any CPU
	EndGlobalSection
	GlobalSection(ProjectConfigurationPlatforms) = postSolution
		{B49073C2-07D9-4055-8518-0EF81104AF60}.Debug|Any CPU.ActiveCfg = Debug|Any CPU
		{B49073C2-07D9-4055-8518-0EF81104AF60}.Debug|Any CPU.Build.0 = Debug|Any CPU
		{B49073C2-07D9-4055-8518-0EF81104AF60}.Release|Any CPU.ActiveCfg = Release|Any CPU
		{B49073C2-07D9-4055-8518-0EF81104AF60}.Release|Any CPU.Build.0 = Release|Any CPU
	EndGlobalSection
	GlobalSection(SolutionProperties) = preSolution
		HideSolutionNode = FALSE
	EndGlobalSection
	GlobalSection(ExtensibilityGlobals) = postSolution
		SolutionGuid = {1F8823B0-9D95-42F9-BCCA-50B1BCA97019}
	EndGlobalSection
EndGlobal
