
Microsoft Visual Studio Solution File, Format Version 12.00
# Visual Studio Version 17
VisualStudioVersion = 17.14.36127.28 d17.14
MinimumVisualStudioVersion = 10.0.40219.1
Project("{FAE04EC0-301F-11D3-BF4B-00C04F79EFBC}") = "12_background_service", "12_background_service\12_background_service.csproj", "{D8DA5FD7-7EF3-4A81-8838-DF196382647C}"
EndProject
Global
	GlobalSection(SolutionConfigurationPlatforms) = preSolution
		Debug|Any CPU = Debug|Any CPU
		Release|Any CPU = Release|Any CPU
	EndGlobalSection
	GlobalSection(ProjectConfigurationPlatforms) = postSolution
		{D8DA5FD7-7EF3-4A81-8838-DF196382647C}.Debug|Any CPU.ActiveCfg = Debug|Any CPU
		{D8DA5FD7-7EF3-4A81-8838-DF196382647C}.Debug|Any CPU.Build.0 = Debug|Any CPU
		{D8DA5FD7-7EF3-4A81-8838-DF196382647C}.Release|Any CPU.ActiveCfg = Release|Any CPU
		{D8DA5FD7-7EF3-4A81-8838-DF196382647C}.Release|Any CPU.Build.0 = Release|Any CPU
	EndGlobalSection
	GlobalSection(SolutionProperties) = preSolution
		HideSolutionNode = FALSE
	EndGlobalSection
	GlobalSection(ExtensibilityGlobals) = postSolution
		SolutionGuid = {87B0FD69-9A8F-4689-A7AC-9D570E1BA8DA}
	EndGlobalSection
EndGlobal
